
Microsoft Visual Studio Solution File, Format Version 12.00
# Visual Studio Version 16
VisualStudioVersion = 16.0.30503.244
MinimumVisualStudioVersion = 10.0.40219.1
Project("{FAE04EC0-301F-11D3-BF4B-00C04F79EFBC}") = "fraction", "fraction\fraction.csproj", "{EBB29E9C-BABB-418A-8CEB-69E6E65477E2}"
EndProject
Global
	GlobalSection(SolutionConfigurationPlatforms) = preSolution
		Debug|Any CPU = Debug|Any CPU
		Release|Any CPU = Release|Any CPU
	EndGlobalSection
	GlobalSection(ProjectConfigurationPlatforms) = postSolution
		{EBB29E9C-BABB-418A-8CEB-69E6E65477E2}.Debug|Any CPU.ActiveCfg = Debug|Any CPU
		{EBB29E9C-BABB-418A-8CEB-69E6E65477E2}.Debug|Any CPU.Build.0 = Debug|Any CPU
		{EBB29E9C-BABB-418A-8CEB-69E6E65477E2}.Release|Any CPU.ActiveCfg = Release|Any CPU
		{EBB29E9C-BABB-418A-8CEB-69E6E65477E2}.Release|Any CPU.Build.0 = Release|Any CPU
	EndGlobalSection
	GlobalSection(SolutionProperties) = preSolution
		HideSolutionNode = FALSE
	EndGlobalSection
	GlobalSection(ExtensibilityGlobals) = postSolution
		SolutionGuid = {8E595CB4-1A8E-46E9-9ADC-69C96D7814C1}
	EndGlobalSection
EndGlobal
